PODS:
  - Alamofire (4.9.1)
  - AlamofireImage (3.6.0):
    - Alamofire (~> 4.9)
  - BEMCheckBox (1.4.1)
  - BiometricAuthentication (2.0.2)
  - DateTimePicker (2.5.3)
  - Deviice (1.30.23)
  - DKCamera (1.6.7)
  - DynamicBlurView (3.0.1)
  - EZSwipeController (0.6.1)
  - Firebase/Analytics (7.11.0):
    - Firebase/Core
  - Firebase/Core (7.11.0):
    - Firebase/CoreOnly
    - FirebaseAnalytics (~> 7.11.0)
  - Firebase/CoreOnly (7.11.0):
    - FirebaseCore (= 7.11.0)
  - Firebase/Crashlytics (7.11.0):
    - Firebase/CoreOnly
    - FirebaseCrashlytics (~> 7.11.0)
  - Firebase/Database (7.11.0):
    - Firebase/CoreOnly
    - FirebaseDatabase (~> 7.11.0)
  - FirebaseAnalytics (7.11.0):
    - FirebaseAnalytics/AdIdSupport (= 7.11.0)
    - FirebaseCore (~> 7.0)
    - FirebaseInstallations (~> 7.0)
    - GoogleUtilities/AppDelegateSwizzler (~> 7.0)
    - GoogleUtilities/MethodSwizzler (~> 7.0)
    - GoogleUtilities/Network (~> 7.0)
    - "GoogleUtilities/NSData+zlib (~> 7.0)"
    - nanopb (~> 2.30908.0)
  - FirebaseAnalytics/AdIdSupport (7.11.0):
    - FirebaseAnalytics/Base (= 7.11.0)
    - FirebaseCore (~> 7.0)
    - FirebaseInstallations (~> 7.0)
    - GoogleAppMeasurement/AdIdSupport (= 7.11.0)
    - GoogleUtilities/AppDelegateSwizzler (~> 7.0)
    - GoogleUtilities/MethodSwizzler (~> 7.0)
    - GoogleUtilities/Network (~> 7.0)
    - "GoogleUtilities/NSData+zlib (~> 7.0)"
    - nanopb (~> 2.30908.0)
  - FirebaseAnalytics/Base (7.11.0):
    - FirebaseCore (~> 7.0)
    - FirebaseInstallations (~> 7.0)
    - GoogleUtilities/AppDelegateSwizzler (~> 7.0)
    - GoogleUtilities/MethodSwizzler (~> 7.0)
    - GoogleUtilities/Network (~> 7.0)
    - "GoogleUtilities/NSData+zlib (~> 7.0)"
    - nanopb (~> 2.30908.0)
  - FirebaseCore (7.11.0):
    - FirebaseCoreDiagnostics (~> 7.4)
    - GoogleUtilities/Environment (~> 7.0)
    - GoogleUtilities/Logger (~> 7.0)
  - FirebaseCoreDiagnostics (7.11.0):
    - GoogleDataTransport (~> 8.4)
    - GoogleUtilities/Environment (~> 7.0)
    - GoogleUtilities/Logger (~> 7.0)
    - nanopb (~> 2.30908.0)
  - FirebaseCrashlytics (7.11.0):
    - FirebaseCore (~> 7.0)
    - FirebaseInstallations (~> 7.0)
    - GoogleDataTransport (~> 8.4)
    - nanopb (~> 2.30908.0)
    - PromisesObjC (~> 1.2)
  - FirebaseDatabase (7.11.0):
    - FirebaseCore (~> 7.0)
    - leveldb-library (~> 1.22)
  - FirebaseInstallations (7.11.0):
    - FirebaseCore (~> 7.0)
    - GoogleUtilities/Environment (~> 7.0)
    - GoogleUtilities/UserDefaults (~> 7.0)
    - PromisesObjC (~> 1.2)
  - GoogleAppMeasurement/AdIdSupport (7.11.0):
    - GoogleUtilities/AppDelegateSwizzler (~> 7.0)
    - GoogleUtilities/MethodSwizzler (~> 7.0)
    - GoogleUtilities/Network (~> 7.0)
    - "GoogleUtilities/NSData+zlib (~> 7.0)"
    - nanopb (~> 2.30908.0)
  - GoogleDataTransport (8.4.0):
    - GoogleUtilities/Environment (~> 7.2)
    - nanopb (~> 2.30908.0)
    - PromisesObjC (~> 1.2)
  - GoogleUtilities/AppDelegateSwizzler (7.4.0):
    - GoogleUtilities/Environment
    - GoogleUtilities/Logger
    - GoogleUtilities/Network
  - GoogleUtilities/Environment (7.4.0):
    - PromisesObjC (~> 1.2)
  - GoogleUtilities/Logger (7.4.0):
    - GoogleUtilities/Environment
  - GoogleUtilities/MethodSwizzler (7.4.0):
    - GoogleUtilities/Logger
  - GoogleUtilities/Network (7.4.0):
    - GoogleUtilities/Logger
    - "GoogleUtilities/NSData+zlib"
    - GoogleUtilities/Reachability
  - "GoogleUtilities/NSData+zlib (7.4.0)"
  - GoogleUtilities/Reachability (7.4.0):
    - GoogleUtilities/Logger
  - GoogleUtilities/UserDefaults (7.4.0):
    - GoogleUtilities/Logger
  - GPUImage (0.1.7)
  - INTULocationManager (4.3.2)
  - iOSDropDown (0.3.4)
  - JGProgressHUD (2.2)
  - JPSVolumeButtonHandler (1.0.5)
  - leveldb-library (1.22.1)
  - Luminous (1.0.2):
    - Deviice
  - MaterialCard (1.1.4)
  - nanopb (2.30908.0):
    - nanopb/decode (= 2.30908.0)
    - nanopb/encode (= 2.30908.0)
  - nanopb/decode (2.30908.0)
  - nanopb/encode (2.30908.0)
  - NewRelicAgent (7.3.4)
  - PopupDialog (0.9.2):
    - DynamicBlurView (~> 3.0.1)
  - PromisesObjC (1.2.12)
  - PureLayout (2.0.6)
  - QRCodeReader.swift (8.1.1)
  - SwiftGifOrigin (1.7.0)
  - SwiftOCR (1.1):
    - GPUImage
  - SwiftyJSON (5.0.1)
  - Toast-Swift (3.0.1)
  - TransitionButton (0.5.3)

DEPENDENCIES:
  - AlamofireImage (~> 3.3)
  - BEMCheckBox
  - BiometricAuthentication (~> 2.0.2)
  - DateTimePicker
  - DKCamera
  - EZSwipeController
  - Firebase/Analytics
  - Firebase/Crashlytics
  - Firebase/Database
  - INTULocationManager
  - iOSDropDown
  - JGProgressHUD
  - JPSVolumeButtonHandler
  - Luminous (~> 1.0.2)
  - MaterialCard
  - NewRelicAgent
  - PopupDialog (~> 0.5)
  - PureLayout (~> 2.0.5)
  - QRCodeReader.swift (~> 8.1.1)
  - SwiftGifOrigin
  - SwiftOCR
  - SwiftyJSON
  - Toast-Swift (~> 3.0.1)
  - TransitionButton

SPEC REPOS:
  trunk:
    - Alamofire
    - AlamofireImage
    - BEMCheckBox
    - BiometricAuthentication
    - DateTimePicker
    - Deviice
    - DKCamera
    - DynamicBlurView
    - EZSwipeController
    - Firebase
    - FirebaseAnalytics
    - FirebaseCore
    - FirebaseCoreDiagnostics
    - FirebaseCrashlytics
    - FirebaseDatabase
    - FirebaseInstallations
    - GoogleAppMeasurement
    - GoogleDataTransport
    - GoogleUtilities
    - GPUImage
    - INTULocationManager
    - iOSDropDown
    - JGProgressHUD
    - JPSVolumeButtonHandler
    - leveldb-library
    - Luminous
    - MaterialCard
    - nanopb
    - NewRelicAgent
    - PopupDialog
    - PromisesObjC
    - PureLayout
    - QRCodeReader.swift
    - SwiftGifOrigin
    - SwiftOCR
    - SwiftyJSON
    - Toast-Swift
    - TransitionButton

SPEC CHECKSUMS:
  Alamofire: 85e8a02c69d6020a0d734f6054870d7ecb75cf18
  AlamofireImage: be9963c6582d68b39e89191f64c82a7d7bf40fdd
  BEMCheckBox: 5ba6e37ade3d3657b36caecc35c8b75c6c2b1a4e
  BiometricAuthentication: ce2f923d4df7a4b340e154137e7b47e544abc1ae
  DateTimePicker: 52701ddf656a50856d3510955933f767cd2c947c
  Deviice: 75c44574e2395f3e5d4567978ad8c5e9233e0a35
  DKCamera: a902b66921fca14b7a75266feb8c7568aa7caa71
  DynamicBlurView: b1df5415f9bd31897549e5d7077e5ec120a4d636
  EZSwipeController: 255b0f8aed31963b0236802c926e27dd006a2532
  Firebase: c121feb35e4126c0b355e3313fa9b487d47319fd
  FirebaseAnalytics: cd3bd84d722a24a8923918af8af8e5236f615d77
  FirebaseCore: 907447d8917a4d3eb0cce2829c5a0ad21d90b432
  FirebaseCoreDiagnostics: 68ad972f99206cef818230f3f3179d52ccfb7f8c
  FirebaseCrashlytics: 272b675aa9d1e9bae1f9e1449fcc1f2cf6042806
  FirebaseDatabase: 6c39fbf1c8514a2f32e610f9bf9ef30c535dc15a
  FirebaseInstallations: a58d4f72ec5861840b84df489f2668d970df558a
  GoogleAppMeasurement: fd19169c3034975cb934e865e5667bfdce59df7f
  GoogleDataTransport: cd9db2180fcecd8da1b561aea31e3e56cf834aa7
  GoogleUtilities: 284cddc7fffc14ae1907efb6f78ab95c1fccaedc
  GPUImage: 733a5f0fab92df9de1c37ba9df520a833ccb406d
  INTULocationManager: e5dc524611b0cd582f473bc56cc8c389adb2f338
  iOSDropDown: c10a761f9a00c3f1cc9d3bce43ae504628e2f692
  JGProgressHUD: d83d7a981b85d11205e19ff8ad5bb9c40571c847
  JPSVolumeButtonHandler: 53110330c9168ed325def93eabff39f0fe3e8082
  leveldb-library: 50c7b45cbd7bf543c81a468fe557a16ae3db8729
  Luminous: dfc2b9dfb22d4eb0d836881eb2495ec3fd3fc605
  MaterialCard: 95fe84134e995d8688a88d2d305c520291910f6d
  nanopb: a0ba3315591a9ae0a16a309ee504766e90db0c96
  NewRelicAgent: d0d9b04bdb4694ad8d97619db7a4a542e2333e8b
  PopupDialog: f4bb461bf70ff422be0b56656566424ee9273080
  PromisesObjC: 3113f7f76903778cf4a0586bd1ab89329a0b7b97
  PureLayout: f25f0bb904d5ccfe6e31da3cb869185259f02e0d
  QRCodeReader.swift: b164a681887de276d405ff02bce854d82cd6360b
  SwiftGifOrigin: fbd6cf37afcfcf97a5c3db996ddc0492e5c5c145
  SwiftOCR: e1a5c7582f074b54df2b1ad273983088b3cf5d45
  SwiftyJSON: 2f33a42c6fbc52764d96f13368585094bfd8aa5e
  Toast-Swift: ba0b01b095aada709d915f9beb1d38184a2721c3
  TransitionButton: 36283346e17c64775a1b3bc3a7a72940a367de1f

PODFILE CHECKSUM: 49a5bfd6029878de24c21056795052e735e9e800

COCOAPODS: 1.11.2
